github.com/github/fakeca v0.1.0 h1:Km/MVOFvclqxPM9dZBC4+QE564nU4gz4iZ0D9pMw28I=
github.com/github/fakeca v0.1.0/go.mod h1:+bormgoGMMuamOscx7N91aOuUST7wdaJ2rNjeohylyo=
golang.org/x/crypto v0.11.0 h1:6Ewdq3tDic1mg5xRO4milcWCfMVQhI4NkqWWvqejpuA=
golang.org/x/crypto v0.11.0/go.mod h1:xgJhtzW8F9jGdVFWZESrid1U1bjeNy4zgy5cRr/CIio=
golang.org/x/sys v0.13.0 h1:Af8nKPmuFypiUBjVoU9V20FiaFXOcuZI21p0ycVYYGE=
golang.org/x/sys v0.13.0/go.mod h1:oPkhp1MJrh7nUepCBck5+mAzfO9JrbApNNgaTdGDITg=
software.sslmate.com/src/go-pkcs12 v0.2.1 h1:tbT1jjaeFOF230tzOIRJ6U5S1jNqpsSyNjzDd58H3J8=
software.sslmate.com/src/go-pkcs12 v0.2.1/go.mod h1:Qiz0EyvDRJjjxGyUQa2cCNZn/wMyzrRJ/qcDXOQazLI=
